
Microsoft Visual Studio Solution File, Format Version 12.00
# Visual Studio Version 17
VisualStudioVersion = 17.2.32526.322
MinimumVisualStudioVersion = 10.0.40219.1
Project("{FAE04EC0-301F-11D3-BF4B-00C04F79EFBC}") = "roulette", "roulette\roulette.csproj", "{5C481830-B89E-489F-AD7B-9316554A3D7D}"
EndProject
Global
	GlobalSection(SolutionConfigurationPlatforms) = preSolution
		Debug|Any CPU = Debug|Any CPU
		Release|Any CPU = Release|Any CPU
	EndGlobalSection
	GlobalSection(ProjectConfigurationPlatforms) = postSolution
		{5C481830-B89E-489F-AD7B-9316554A3D7D}.Debug|Any CPU.ActiveCfg = Debug|Any CPU
		{5C481830-B89E-489F-AD7B-9316554A3D7D}.Debug|Any CPU.Build.0 = Debug|Any CPU
		{5C481830-B89E-489F-AD7B-9316554A3D7D}.Release|Any CPU.ActiveCfg = Release|Any CPU
		{5C481830-B89E-489F-AD7B-9316554A3D7D}.Release|Any CPU.Build.0 = Release|Any CPU
	EndGlobalSection
	GlobalSection(SolutionProperties) = preSolution
		HideSolutionNode = FALSE
	EndGlobalSection
	GlobalSection(ExtensibilityGlobals) = postSolution
		SolutionGuid = {0E15B600-EF14-4207-BB90-B46886175FE3}
	EndGlobalSection
EndGlobal
